
Microsoft Visual Studio Solution File, Format Version 12.00
# Visual Studio Version 16
VisualStudioVersion = 16.0.30816.121
MinimumVisualStudioVersion = 10.0.40219.1
Project("{FAE04EC0-301F-11D3-BF4B-00C04F79EFBC}") = "swapiClient", "swapiClient\swapiClient.csproj", "{79C7AE28-FDBF-4381-A60D-8293040F57E0}"
EndProject
Global
	GlobalSection(SolutionConfigurationPlatforms) = preSolution
		Debug|Any CPU = Debug|Any CPU
		Release|Any CPU = Release|Any CPU
	EndGlobalSection
	GlobalSection(ProjectConfigurationPlatforms) = postSolution
		{79C7AE28-FDBF-4381-A60D-8293040F57E0}.Debug|Any CPU.ActiveCfg = Debug|Any CPU
		{79C7AE28-FDBF-4381-A60D-8293040F57E0}.Debug|Any CPU.Build.0 = Debug|Any CPU
		{79C7AE28-FDBF-4381-A60D-8293040F57E0}.Release|Any CPU.ActiveCfg = Release|Any CPU
		{79C7AE28-FDBF-4381-A60D-8293040F57E0}.Release|Any CPU.Build.0 = Release|Any CPU
	EndGlobalSection
	GlobalSection(SolutionProperties) = preSolution
		HideSolutionNode = FALSE
	EndGlobalSection
	GlobalSection(ExtensibilityGlobals) = postSolution
		SolutionGuid = {4454FBBD-F619-447B-9A7C-DE6795C9AD1A}
	EndGlobalSection
EndGlobal
